
Microsoft Visual Studio Solution File, Format Version 12.00
# Visual Studio Version 16
VisualStudioVersion = 16.0.30907.101
MinimumVisualStudioVersion = 10.0.40219.1
Project("{9A19103F-16F7-4668-BE54-9A1E7A4F7556}") = "Business", "Business\Business.csproj", "{87A2672F-5757-471B-A47F-1F1D7D71800C}"
EndProject
Project("{9A19103F-16F7-4668-BE54-9A1E7A4F7556}") = "DataAccess", "DataAccess\DataAccess.csproj", "{860D8250-EE45-44BC-B972-6569F3BD2E1C}"
EndProject
Project("{9A19103F-16F7-4668-BE54-9A1E7A4F7556}") = "Entities", "Entities\Entities.csproj", "{6CC94985-B3E8-4520-83BB-D3C5DF450541}"
EndProject
Project("{9A19103F-16F7-4668-BE54-9A1E7A4F7556}") = "ConsoleUI", "ConsoleUI\ConsoleUI.csproj", "{04474D95-AD70-4EE2-9617-7E3434876880}"
EndProject
Project("{9A19103F-16F7-4668-BE54-9A1E7A4F7556}") = "Core", "Core\Core.csproj", "{1F6679EF-ACB2-4DAE-9011-4A7DDD7D0431}"
EndProject
Project("{FAE04EC0-301F-11D3-BF4B-00C04F79EFBC}") = "WebAPI", "WebAPI\WebAPI.csproj", "{E0A92239-A24D-4B2C-B1DF-05967E1F3DF0}"
EndProject
Global
	GlobalSection(SolutionConfigurationPlatforms) = preSolution
		Debug|Any CPU = Debug|Any CPU
		Release|Any CPU = Release|Any CPU
	EndGlobalSection
	GlobalSection(ProjectConfigurationPlatforms) = postSolution
		{87A2672F-5757-471B-A47F-1F1D7D71800C}.Debug|Any CPU.ActiveCfg = Debug|Any CPU
		{87A2672F-5757-471B-A47F-1F1D7D71800C}.Debug|Any CPU.Build.0 = Debug|Any CPU
		{87A2672F-5757-471B-A47F-1F1D7D71800C}.Release|Any CPU.ActiveCfg = Release|Any CPU
		{87A2672F-5757-471B-A47F-1F1D7D71800C}.Release|Any CPU.Build.0 = Release|Any CPU
		{860D8250-EE45-44BC-B972-6569F3BD2E1C}.Debug|Any CPU.ActiveCfg = Debug|Any CPU
		{860D8250-EE45-44BC-B972-6569F3BD2E1C}.Debug|Any CPU.Build.0 = Debug|Any CPU
		{860D8250-EE45-44BC-B972-6569F3BD2E1C}.Release|Any CPU.ActiveCfg = Release|Any CPU
		{860D8250-EE45-44BC-B972-6569F3BD2E1C}.Release|Any CPU.Build.0 = Release|Any CPU
		{6CC94985-B3E8-4520-83BB-D3C5DF450541}.Debug|Any CPU.ActiveCfg = Debug|Any CPU
		{6CC94985-B3E8-4520-83BB-D3C5DF450541}.Debug|Any CPU.Build.0 = Debug|Any CPU
		{6CC94985-B3E8-4520-83BB-D3C5DF450541}.Release|Any CPU.ActiveCfg = Release|Any CPU
		{6CC94985-B3E8-4520-83BB-D3C5DF450541}.Release|Any CPU.Build.0 = Release|Any CPU
		{04474D95-AD70-4EE2-9617-7E3434876880}.Debug|Any CPU.ActiveCfg = Debug|Any CPU
		{04474D95-AD70-4EE2-9617-7E3434876880}.Debug|Any CPU.Build.0 = Debug|Any CPU
		{04474D95-AD70-4EE2-9617-7E3434876880}.Release|Any CPU.ActiveCfg = Release|Any CPU
		{04474D95-AD70-4EE2-9617-7E3434876880}.Release|Any CPU.Build.0 = Release|Any CPU
		{1F6679EF-ACB2-4DAE-9011-4A7DDD7D0431}.Debug|Any CPU.ActiveCfg = Debug|Any CPU
		{1F6679EF-ACB2-4DAE-9011-4A7DDD7D0431}.Debug|Any CPU.Build.0 = Debug|Any CPU
		{1F6679EF-ACB2-4DAE-9011-4A7DDD7D0431}.Release|Any CPU.ActiveCfg = Release|Any CPU
		{1F6679EF-ACB2-4DAE-9011-4A7DDD7D0431}.Release|Any CPU.Build.0 = Release|Any CPU
		{E0A92239-A24D-4B2C-B1DF-05967E1F3DF0}.Debug|Any CPU.ActiveCfg = Debug|Any CPU
		{E0A92239-A24D-4B2C-B1DF-05967E1F3DF0}.Debug|Any CPU.Build.0 = Debug|Any CPU
		{E0A92239-A24D-4B2C-B1DF-05967E1F3DF0}.Release|Any CPU.ActiveCfg = Release|Any CPU
		{E0A92239-A24D-4B2C-B1DF-05967E1F3DF0}.Release|Any CPU.Build.0 = Release|Any CPU
	EndGlobalSection
	GlobalSection(SolutionProperties) = preSolution
		HideSolutionNode = FALSE
	EndGlobalSection
	GlobalSection(ExtensibilityGlobals) = postSolution
		SolutionGuid = {22F5F6AE-E33E-46B8-A732-4F6C90FB34B4}
	EndGlobalSection
EndGlobal
